
Microsoft Visual Studio Solution File, Format Version 12.00
# Visual Studio Version 17
VisualStudioVersion = 17.7.34031.279
MinimumVisualStudioVersion = 10.0.40219.1
Project("{9A19103F-16F7-4668-BE54-9A1E7A4F7556}") = "PFCPractice", "PFCPractice\PFCPractice.csproj", "{D06A5E7B-0419-4461-8E3A-81B82AB4D421}"
EndProject
Project("{9A19103F-16F7-4668-BE54-9A1E7A4F7556}") = "LoopingPractice", "LoopingPractice\LoopingPractice.csproj", "{E3D37AE7-233A-4032-8A75-1115131E8AB3}"
EndProject
Project("{9A19103F-16F7-4668-BE54-9A1E7A4F7556}") = "CollectionPractice", "CollectionPractice\CollectionPractice.csproj", "{FD881E8D-00E7-4ACC-8CCD-FEFD9B0EB920}"
EndProject
Project("{9A19103F-16F7-4668-BE54-9A1E7A4F7556}") = "MethodPractice", "MethodPractice\MethodPractice.csproj", "{A70DC1E2-E735-44A8-A73B-E0ECBCEC4E76}"
EndProject
Project("{9A19103F-16F7-4668-BE54-9A1E7A4F7556}") = "ThrowPractice", "ThrowPractice\ThrowPractice.csproj", "{D037CC5D-97BF-43A3-824C-C3594D5D1F1D}"
EndProject
Project("{9A19103F-16F7-4668-BE54-9A1E7A4F7556}") = "OOPDayOne", "OOPDayOne\OOPDayOne.csproj", "{25B732B6-6436-46B4-BFCB-A48E2DBFFF7A}"
EndProject
Project("{9A19103F-16F7-4668-BE54-9A1E7A4F7556}") = "OOPDayTwo", "OOPDayTwo\OOPDayTwo.csproj", "{13DF9670-BC73-4DE1-8325-D79F6BB8536D}"
EndProject
Project("{FAE04EC0-301F-11D3-BF4B-00C04F79EFBC}") = "FirstMVCDemo", "FirstMVCDemo\FirstMVCDemo.csproj", "{DED5C7E7-3BDE-4D84-93A2-812B184ED5BF}"
EndProject
Global
	GlobalSection(SolutionConfigurationPlatforms) = preSolution
		Debug|Any CPU = Debug|Any CPU
		Release|Any CPU = Release|Any CPU
	EndGlobalSection
	GlobalSection(ProjectConfigurationPlatforms) = postSolution
		{D06A5E7B-0419-4461-8E3A-81B82AB4D421}.Debug|Any CPU.ActiveCfg = Debug|Any CPU
		{D06A5E7B-0419-4461-8E3A-81B82AB4D421}.Debug|Any CPU.Build.0 = Debug|Any CPU
		{D06A5E7B-0419-4461-8E3A-81B82AB4D421}.Release|Any CPU.ActiveCfg = Release|Any CPU
		{D06A5E7B-0419-4461-8E3A-81B82AB4D421}.Release|Any CPU.Build.0 = Release|Any CPU
		{E3D37AE7-233A-4032-8A75-1115131E8AB3}.Debug|Any CPU.ActiveCfg = Debug|Any CPU
		{E3D37AE7-233A-4032-8A75-1115131E8AB3}.Debug|Any CPU.Build.0 = Debug|Any CPU
		{E3D37AE7-233A-4032-8A75-1115131E8AB3}.Release|Any CPU.ActiveCfg = Release|Any CPU
		{E3D37AE7-233A-4032-8A75-1115131E8AB3}.Release|Any CPU.Build.0 = Release|Any CPU
		{FD881E8D-00E7-4ACC-8CCD-FEFD9B0EB920}.Debug|Any CPU.ActiveCfg = Debug|Any CPU
		{FD881E8D-00E7-4ACC-8CCD-FEFD9B0EB920}.Debug|Any CPU.Build.0 = Debug|Any CPU
		{FD881E8D-00E7-4ACC-8CCD-FEFD9B0EB920}.Release|Any CPU.ActiveCfg = Release|Any CPU
		{FD881E8D-00E7-4ACC-8CCD-FEFD9B0EB920}.Release|Any CPU.Build.0 = Release|Any CPU
		{A70DC1E2-E735-44A8-A73B-E0ECBCEC4E76}.Debug|Any CPU.ActiveCfg = Debug|Any CPU
		{A70DC1E2-E735-44A8-A73B-E0ECBCEC4E76}.Debug|Any CPU.Build.0 = Debug|Any CPU
		{A70DC1E2-E735-44A8-A73B-E0ECBCEC4E76}.Release|Any CPU.ActiveCfg = Release|Any CPU
		{A70DC1E2-E735-44A8-A73B-E0ECBCEC4E76}.Release|Any CPU.Build.0 = Release|Any CPU
		{D037CC5D-97BF-43A3-824C-C3594D5D1F1D}.Debug|Any CPU.ActiveCfg = Debug|Any CPU
		{D037CC5D-97BF-43A3-824C-C3594D5D1F1D}.Debug|Any CPU.Build.0 = Debug|Any CPU
		{D037CC5D-97BF-43A3-824C-C3594D5D1F1D}.Release|Any CPU.ActiveCfg = Release|Any CPU
		{D037CC5D-97BF-43A3-824C-C3594D5D1F1D}.Release|Any CPU.Build.0 = Release|Any CPU
		{25B732B6-6436-46B4-BFCB-A48E2DBFFF7A}.Debug|Any CPU.ActiveCfg = Debug|Any CPU
		{25B732B6-6436-46B4-BFCB-A48E2DBFFF7A}.Debug|Any CPU.Build.0 = Debug|Any CPU
		{25B732B6-6436-46B4-BFCB-A48E2DBFFF7A}.Release|Any CPU.ActiveCfg = Release|Any CPU
		{25B732B6-6436-46B4-BFCB-A48E2DBFFF7A}.Release|Any CPU.Build.0 = Release|Any CPU
		{13DF9670-BC73-4DE1-8325-D79F6BB8536D}.Debug|Any CPU.ActiveCfg = Debug|Any CPU
		{13DF9670-BC73-4DE1-8325-D79F6BB8536D}.Debug|Any CPU.Build.0 = Debug|Any CPU
		{13DF9670-BC73-4DE1-8325-D79F6BB8536D}.Release|Any CPU.ActiveCfg = Release|Any CPU
		{13DF9670-BC73-4DE1-8325-D79F6BB8536D}.Release|Any CPU.Build.0 = Release|Any CPU
		{DED5C7E7-3BDE-4D84-93A2-812B184ED5BF}.Debug|Any CPU.ActiveCfg = Debug|Any CPU
		{DED5C7E7-3BDE-4D84-93A2-812B184ED5BF}.Debug|Any CPU.Build.0 = Debug|Any CPU
		{DED5C7E7-3BDE-4D84-93A2-812B184ED5BF}.Release|Any CPU.ActiveCfg = Release|Any CPU
		{DED5C7E7-3BDE-4D84-93A2-812B184ED5BF}.Release|Any CPU.Build.0 = Release|Any CPU
	EndGlobalSection
	GlobalSection(SolutionProperties) = preSolution
		HideSolutionNode = FALSE
	EndGlobalSection
	GlobalSection(ExtensibilityGlobals) = postSolution
		SolutionGuid = {41516C55-450F-4243-AEFC-587DEBF4A663}
	EndGlobalSection
EndGlobal
